{
  "originHash" : "1a8b4816a5619cd688702397f4798a2b2cd91a485a829a936f1022c67901e40e",
  "pins" : [
    {
      "identity" : "imageloadingkit",
      "kind" : "remoteSourceControl",
      "location" : "https://github.com/denyskt-hub/ImageLoadingKit.git",
      "state" : {
        "revision" : "a3062ac8cae400fac1c118ca0e30b7ce5215cf4b",
        "version" : "2.0.0"
      }
    }
  ],
  "version" : 3
}
